
Microsoft Visual Studio Solution File, Format Version 12.00
# Visual Studio Version 17
VisualStudioVersion = 17.3.32901.215
MinimumVisualStudioVersion = 10.0.40219.1
Project("{9A19103F-16F7-4668-BE54-9A1E7A4F7556}") = "Week2", "Week2\Week2.csproj", "{D66BCCBC-4AB4-490A-8B7F-B8BD407FFA91}"
EndProject
Project("{9A19103F-16F7-4668-BE54-9A1E7A4F7556}") = "UserGenderValidation", "UserAgeValidation\UserGenderValidation.csproj", "{95597A55-A912-4DE2-AD24-D70209D583D4}"
EndProject
Project("{FAE04EC0-301F-11D3-BF4B-00C04F79EFBC}") = "UserAgeValidation1", "UserAgeValidation1\UserAgeValidation1.csproj", "{5BEC9DD5-2CA4-4365-B0E7-29838BCFF338}"
EndProject
Global
	GlobalSection(SolutionConfigurationPlatforms) = preSolution
		Debug|Any CPU = Debug|Any CPU
		Release|Any CPU = Release|Any CPU
	EndGlobalSection
	GlobalSection(ProjectConfigurationPlatforms) = postSolution
		{D66BCCBC-4AB4-490A-8B7F-B8BD407FFA91}.Debug|Any CPU.ActiveCfg = Debug|Any CPU
		{D66BCCBC-4AB4-490A-8B7F-B8BD407FFA91}.Debug|Any CPU.Build.0 = Debug|Any CPU
		{D66BCCBC-4AB4-490A-8B7F-B8BD407FFA91}.Release|Any CPU.ActiveCfg = Release|Any CPU
		{D66BCCBC-4AB4-490A-8B7F-B8BD407FFA91}.Release|Any CPU.Build.0 = Release|Any CPU
		{95597A55-A912-4DE2-AD24-D70209D583D4}.Debug|Any CPU.ActiveCfg = Debug|Any CPU
		{95597A55-A912-4DE2-AD24-D70209D583D4}.Debug|Any CPU.Build.0 = Debug|Any CPU
		{95597A55-A912-4DE2-AD24-D70209D583D4}.Release|Any CPU.ActiveCfg = Release|Any CPU
		{95597A55-A912-4DE2-AD24-D70209D583D4}.Release|Any CPU.Build.0 = Release|Any CPU
		{5BEC9DD5-2CA4-4365-B0E7-29838BCFF338}.Debug|Any CPU.ActiveCfg = Debug|Any CPU
		{5BEC9DD5-2CA4-4365-B0E7-29838BCFF338}.Debug|Any CPU.Build.0 = Debug|Any CPU
		{5BEC9DD5-2CA4-4365-B0E7-29838BCFF338}.Release|Any CPU.ActiveCfg = Release|Any CPU
		{5BEC9DD5-2CA4-4365-B0E7-29838BCFF338}.Release|Any CPU.Build.0 = Release|Any CPU
	EndGlobalSection
	GlobalSection(SolutionProperties) = preSolution
		HideSolutionNode = FALSE
	EndGlobalSection
	GlobalSection(ExtensibilityGlobals) = postSolution
		SolutionGuid = {904D2C28-CF57-4739-A99C-726AAEFB0731}
	EndGlobalSection
EndGlobal
